// !$*UTF8*$!
{
	archiveVersion = 1;
	classes = {
	};
	objectVersion = 46;
	objects = {

/* Begin PBXBuildFile section */
		5EC3E0EC16C24F5D00F122B8 /* UIKit.framework in Frameworks */ = {isa = PBXBuildFile; fileRef = 5EC3E0EB16C24F5D00F122B8 /* UIKit.framework */; };
		5EC3E0EE16C24F5D00F122B8 /* Foundation.framework in Frameworks */ = {isa = PBXBuildFile; fileRef = 5EC3E0ED16C24F5D00F122B8 /* Foundation.framework */; };
		5EC3E0F016C24F5D00F122B8 /* CoreGraphics.framework in Frameworks */ = {isa = PBXBuildFile; fileRef = 5EC3E0EF16C24F5D00F122B8 /* CoreGraphics.framework */; };
		5EC3E0F616C24F5D00F122B8 /* InfoPlist.strings in Resources */ = {isa = PBXBuildFile; fileRef = 5EC3E0F416C24F5D00F122B8 /* InfoPlist.strings */; };
		5EC3E0F816C24F5D00F122B8 /* main.m in Sources */ = {isa = PBXBuildFile; fileRef = 5EC3E0F716C24F5D00F122B8 /* main.m */; };
		5EC3E0FC16C24F5E00F122B8 /* AppDelegate.m in Sources */ = {isa = PBXBuildFile; fileRef = 5EC3E0FB16C24F5E00F122B8 /* AppDelegate.m */; };
		5EC3E0FE16C24F5E00F122B8 /* Default.png in Resources */ = {isa = PBXBuildFile; fileRef = 5EC3E0FD16C24F5E00F122B8 /* Default.png */; };
		5EC3E10016C24F5E00F122B8 /* Default@2x.png in Resources */ = {isa = PBXBuildFile; fileRef = 5EC3E0FF16C24F5E00F122B8 /* Default@2x.png */; };
		5EC3E10216C24F5E00F122B8 /* Default-568h@2x.png in Resources */ = {isa = PBXBuildFile; fileRef = 5EC3E10116C24F5E00F122B8 /* Default-568h@2x.png */; };
		5EC3E10516C24F5E00F122B8 /* MainStoryboard.storyboard in Resources */ = {isa = PBXBuildFile; fileRef = 5EC3E10316C24F5E00F122B8 /* MainStoryboard.storyboard */; };
		5EC3E10816C24F5E00F122B8 /* ViewController.m in Sources */ = {isa = PBXBuildFile; fileRef = 5EC3E10716C24F5E00F122B8 /* ViewController.m */; };
/* End PBXBuildFile section */

/* Begin PBXFileReference section */
		5EC3E0E816C24F5D00F122B8 /* [Obj-C] First iPhone Application.app */ = {isa = PBXFileReference; explicitFileType = wrapper.application; includeInIndex = 0; path = "[Obj-C] First iPhone Application.app"; sourceTree = BUILT_PRODUCTS_DIR; };
		5EC3E0EB16C24F5D00F122B8 /* UIKit.framework */ = {isa = PBXFileReference; lastKnownFileType = wrapper.framework; name = UIKit.framework; path = System/Library/Frameworks/UIKit.framework; sourceTree = SDKROOT; };
		5EC3E0ED16C24F5D00F122B8 /* Foundation.framework */ = {isa = PBXFileReference; lastKnownFileType = wrapper.framework; name = Foundation.framework; path = System/Library/Frameworks/Foundation.framework; sourceTree = SDKROOT; };
		5EC3E0EF16C24F5D00F122B8 /* CoreGraphics.framework */ = {isa = PBXFileReference; lastKnownFileType = wrapper.framework; name = CoreGraphics.framework; path = System/Library/Frameworks/CoreGraphics.framework; sourceTree = SDKROOT; };
		5EC3E0F316C24F5D00F122B8 /* [Obj-C] First iPhone Application-Info.plist */ = {isa = PBXFileReference; lastKnownFileType = text.plist.xml; path = "[Obj-C] First iPhone Application-Info.plist"; sourceTree = "<group>"; };
		5EC3E0F516C24F5D00F122B8 /* en */ = {isa = PBXFileReference; lastKnownFileType = text.plist.strings; name = en; path = en.lproj/InfoPlist.strings; sourceTree = "<group>"; };
		5EC3E0F716C24F5D00F122B8 /* main.m */ = {isa = PBXFileReference; lastKnownFileType = sourcecode.c.objc; path = main.m; sourceTree = "<group>"; };
		5EC3E0F916C24F5D00F122B8 /* [Obj-C] First iPhone Application-Prefix.pch */ = {isa = PBXFileReference; lastKnownFileType = sourcecode.c.h; path = "[Obj-C] First iPhone Application-Prefix.pch"; sourceTree = "<group>"; };
		5EC3E0FA16C24F5E00F122B8 /* AppDelegate.h */ = {isa = PBXFileReference; lastKnownFileType = sourcecode.c.h; path = AppDelegate.h; sourceTree = "<group>"; };
		5EC3E0FB16C24F5E00F122B8 /* AppDelegate.m */ = {isa = PBXFileReference; lastKnownFileType = sourcecode.c.objc; path = AppDelegate.m; sourceTree = "<group>"; };
		5EC3E0FD16C24F5E00F122B8 /* Default.png */ = {isa = PBXFileReference; lastKnownFileType = image.png; path = Default.png; sourceTree = "<group>"; };
		5EC3E0FF16C24F5E00F122B8 /* Default@2x.png */ = {isa = PBXFileReference; lastKnownFileType = image.png; path = "Default@2x.png"; sourceTree = "<group>"; };
		5EC3E10116C24F5E00F122B8 /* Default-568h@2x.png */ = {isa = PBXFileReference; lastKnownFileType = image.png; path = "Default-568h@2x.png"; sourceTree = "<group>"; };
		5EC3E10416C24F5E00F122B8 /* en */ = {isa = PBXFileReference; lastKnownFileType = file.storyboard; name = en; path = en.lproj/MainStoryboard.storyboard; sourceTree = "<group>"; };
		5EC3E10616C24F5E00F122B8 /* ViewController.h */ = {isa = PBXFileReference; lastKnownFileType = sourcecode.c.h; path = ViewController.h; sourceTree = "<group>"; };
		5EC3E10716C24F5E00F122B8 /* ViewController.m */ = {isa = PBXFileReference; lastKnownFileType = sourcecode.c.objc; path = ViewController.m; sourceTree = "<group>"; };
/* End PBXFileReference section */

/* Begin PBXFrameworksBuildPhase section */
		5EC3E0E516C24F5D00F122B8 /* Frameworks */ = {
			isa = PBXFrameworksBuildPhase;
			buildActionMask = 2147483647;
			files = (
				5EC3E0EC16C24F5D00F122B8 /* UIKit.framework in Frameworks */,
				5EC3E0EE16C24F5D00F122B8 /* Foundation.framework in Frameworks */,
				5EC3E0F016C24F5D00F122B8 /* CoreGraphics.framework in Frameworks */,
			);
			runOnlyForDeploymentPostprocessing = 0;
		};
/* End PBXFrameworksBuildPhase section */

/* Begin PBXGroup section */
		5EC3E0DF16C24F5D00F122B8 = {
			isa = PBXGroup;
			children = (
				5EC3E0F116C24F5D00F122B8 /* [Obj-C] First iPhone Application */,
				5EC3E0EA16C24F5D00F122B8 /* Frameworks */,
				5EC3E0E916C24F5D00F122B8 /* Products */,
			);
			sourceTree = "<group>";
		};
		5EC3E0E916C24F5D00F122B8 /* Products */ = {
			isa = PBXGroup;
			children = (
				5EC3E0E816C24F5D00F122B8 /* [Obj-C] First iPhone Application.app */,
			);
			name = Products;
			sourceTree = "<group>";
		};
		5EC3E0EA16C24F5D00F122B8 /* Frameworks */ = {
			isa = PBXGroup;
			children = (
				5EC3E0EB16C24F5D00F122B8 /* UIKit.framework */,
				5EC3E0ED16C24F5D00F122B8 /* Foundation.framework */,
				5EC3E0EF16C24F5D00F122B8 /* CoreGraphics.framework */,
			);
			name = Frameworks;
			sourceTree = "<group>";
		};
		5EC3E0F116C24F5D00F122B8 /* [Obj-C] First iPhone Application */ = {
			isa = PBXGroup;
			children = (
				5EC3E0FA16C24F5E00F122B8 /* AppDelegate.h */,
				5EC3E0FB16C24F5E00F122B8 /* AppDelegate.m */,
				5EC3E10316C24F5E00F122B8 /* MainStoryboard.storyboard */,
				5EC3E10616C24F5E00F122B8 /* ViewController.h */,
				5EC3E10716C24F5E00F122B8 /* ViewController.m */,
				5EC3E0F216C24F5D00F122B8 /* Supporting Files */,
			);
			path = "[Obj-C] First iPhone Application";
			sourceTree = "<group>";
		};
		5EC3E0F216C24F5D00F122B8 /* Supporting Files */ = {
			isa = PBXGroup;
			children = (
				5EC3E0F316C24F5D00F122B8 /* [Obj-C] First iPhone Application-Info.plist */,
				5EC3E0F416C24F5D00F122B8 /* InfoPlist.strings */,
				5EC3E0F716C24F5D00F122B8 /* main.m */,
				5EC3E0F916C24F5D00F122B8 /* [Obj-C] First iPhone Application-Prefix.pch */,
				5EC3E0FD16C24F5E00F122B8 /* Default.png */,
				5EC3E0FF16C24F5E00F122B8 /* Default@2x.png */,
				5EC3E10116C24F5E00F122B8 /* Default-568h@2x.png */,
			);
			name = "Supporting Files";
			sourceTree = "<group>";
		};
/* End PBXGroup section */

/* Begin PBXNativeTarget section */
		5EC3E0E716C24F5D00F122B8 /* [Obj-C] First iPhone Application */ = {
			isa = PBXNativeTarget;
			buildConfigurationList = 5EC3E10B16C24F5E00F122B8 /* Build configuration list for PBXNativeTarget "[Obj-C] First iPhone Application" */;
			buildPhases = (
				5EC3E0E416C24F5D00F122B8 /* Sources */,
				5EC3E0E516C24F5D00F122B8 /* Frameworks */,
				5EC3E0E616C24F5D00F122B8 /* Resources */,
			);
			buildRules = (
			);
			dependencies = (
			);
			name = "[Obj-C] First iPhone Application";
			productName = "[Obj-C] First iPhone Application";
			productReference = 5EC3E0E816C24F5D00F122B8 /* [Obj-C] First iPhone Application.app */;
			productType = "com.apple.product-type.application";
		};
/* End PBXNativeTarget section */

/* Begin PBXProject section */
		5EC3E0E016C24F5D00F122B8 /* Project object */ = {
			isa = PBXProject;
			attributes = {
				LastUpgradeCheck = 0460;
				ORGANIZATIONNAME = sonnet;
			};
			buildConfigurationList = 5EC3E0E316C24F5D00F122B8 /* Build configuration list for PBXProject "[Obj-C] First iPhone Application" */;
			compatibilityVersion = "Xcode 3.2";
			developmentRegion = English;
			hasScannedForEncodings = 0;
			knownRegions = (
				en,
			);
			mainGroup = 5EC3E0DF16C24F5D00F122B8;
			productRefGroup = 5EC3E0E916C24F5D00F122B8 /* Products */;
			projectDirPath = "";
			projectRoot = "";
			targets = (
				5EC3E0E716C24F5D00F122B8 /* [Obj-C] First iPhone Application */,
			);
		};
/* End PBXProject section */

/* Begin PBXResourcesBuildPhase section */
		5EC3E0E616C24F5D00F122B8 /* Resources */ = {
			isa = PBXResourcesBuildPhase;
			buildActionMask = 2147483647;
			files = (
				5EC3E0F616C24F5D00F122B8 /* InfoPlist.strings in Resources */,
				5EC3E0FE16C24F5E00F122B8 /* Default.png in Resources */,
				5EC3E10016C24F5E00F122B8 /* Default@2x.png in Resources */,
				5EC3E10216C24F5E00F122B8 /* Default-568h@2x.png in Resources */,
				5EC3E10516C24F5E00F122B8 /* MainStoryboard.storyboard in Resources */,
			);
			runOnlyForDeploymentPostprocessing = 0;
		};
/* End PBXResourcesBuildPhase section */

/* Begin PBXSourcesBuildPhase section */
		5EC3E0E416C24F5D00F122B8 /* Sources */ = {
			isa = PBXSourcesBuildPhase;
			buildActionMask = 2147483647;
			files = (
				5EC3E0F816C24F5D00F122B8 /* main.m in Sources */,
				5EC3E0FC16C24F5E00F122B8 /* AppDelegate.m in Sources */,
				5EC3E10816C24F5E00F122B8 /* ViewController.m in Sources */,
			);
			runOnlyForDeploymentPostprocessing = 0;
		};
/* End PBXSourcesBuildPhase section */

/* Begin PBXVariantGroup section */
		5EC3E0F416C24F5D00F122B8 /* InfoPlist.strings */ = {
			isa = PBXVariantGroup;
			children = (
				5EC3E0F516C24F5D00F122B8 /* en */,
			);
			name = InfoPlist.strings;
			sourceTree = "<group>";
		};
		5EC3E10316C24F5E00F122B8 /* MainStoryboard.storyboard */ = {
			isa = PBXVariantGroup;
			children = (
				5EC3E10416C24F5E00F122B8 /* en */,
			);
			name = MainStoryboard.storyboard;
			sourceTree = "<group>";
		};
/* End PBXVariantGroup section */

/* Begin XCBuildConfiguration section */
		5EC3E10916C24F5E00F122B8 /* Debug */ = {
			isa = XCBuildConfiguration;
			buildSettings = {
				ALWAYS_SEARCH_USER_PATHS = NO;
				CLANG_CXX_LANGUAGE_STANDARD = "gnu++0x";
				CLANG_CXX_LIBRARY = "libc++";
				CLANG_WARN_CONSTANT_CONVERSION = YES;
				CLANG_WARN_EMPTY_BODY = YES;
				CLANG_WARN_ENUM_CONVERSION = YES;
				CLANG_WARN_INT_CONVERSION = YES;
				CLANG_WARN__DUPLICATE_METHOD_MATCH = YES;
				"CODE_SIGN_IDENTITY[sdk=iphoneos*]" = "iPhone Developer";
				COPY_PHASE_STRIP = NO;
				GCC_C_LANGUAGE_STANDARD = gnu99;
				GCC_DYNAMIC_NO_PIC = NO;
				GCC_OPTIMIZATION_LEVEL = 0;
				GCC_PREPROCESSOR_DEFINITIONS = (
					"DEBUG=1",
					"$(inherited)",
				);
				GCC_SYMBOLS_PRIVATE_EXTERN = NO;
				GCC_WARN_ABOUT_RETURN_TYPE = YES;
				GCC_WARN_UNINITIALIZED_AUTOS = YES;
				GCC_WARN_UNUSED_VARIABLE = YES;
				IPHONEOS_DEPLOYMENT_TARGET = 6.1;
				ONLY_ACTIVE_ARCH = YES;
				SDKROOT = iphoneos;
			};
			name = Debug;
		};
		5EC3E10A16C24F5E00F122B8 /* Release */ = {
			isa = XCBuildConfiguration;
			buildSettings = {
				ALWAYS_SEARCH_USER_PATHS = NO;
				CLANG_CXX_LANGUAGE_STANDARD = "gnu++0x";
				CLANG_CXX_LIBRARY = "libc++";
				CLANG_WARN_CONSTANT_CONVERSION = YES;
				CLANG_WARN_EMPTY_BODY = YES;
				CLANG_WARN_ENUM_CONVERSION = YES;
				CLANG_WARN_INT_CONVERSION = YES;
				CLANG_WARN__DUPLICATE_METHOD_MATCH = YES;
				"CODE_SIGN_IDENTITY[sdk=iphoneos*]" = "iPhone Developer";
				COPY_PHASE_STRIP = YES;
				GCC_C_LANGUAGE_STANDARD = gnu99;
				GCC_WARN_ABOUT_RETURN_TYPE = YES;
				GCC_WARN_UNINITIALIZED_AUTOS = YES;
				GCC_WARN_UNUSED_VARIABLE = YES;
				IPHONEOS_DEPLOYMENT_TARGET = 6.1;
				OTHER_CFLAGS = "-DNS_BLOCK_ASSERTIONS=1";
				SDKROOT = iphoneos;
				VALIDATE_PRODUCT = YES;
			};
			name = Release;
		};
		5EC3E10C16C24F5E00F122B8 /* Debug */ = {
			isa = XCBuildConfiguration;
			buildSettings = {
				GCC_PRECOMPILE_PREFIX_HEADER = YES;
				GCC_PREFIX_HEADER = "[Obj-C] First iPhone Application/[Obj-C] First iPhone Application-Prefix.pch";
				INFOPLIST_FILE = "[Obj-C] First iPhone Application/[Obj-C] First iPhone Application-Info.plist";
				PRODUCT_NAME = "$(TARGET_NAME)";
				WRAPPER_EXTENSION = app;
			};
			name = Debug;
		};
		5EC3E10D16C24F5E00F122B8 /* Release */ = {
			isa = XCBuildConfiguration;
			buildSettings = {
				GCC_PRECOMPILE_PREFIX_HEADER = YES;
				GCC_PREFIX_HEADER = "[Obj-C] First iPhone Application/[Obj-C] First iPhone Application-Prefix.pch";
				INFOPLIST_FILE = "[Obj-C] First iPhone Application/[Obj-C] First iPhone Application-Info.plist";
				PRODUCT_NAME = "$(TARGET_NAME)";
				WRAPPER_EXTENSION = app;
			};
			name = Release;
		};
/* End XCBuildConfiguration section */

/* Begin XCConfigurationList section */
		5EC3E0E316C24F5D00F122B8 /* Build configuration list for PBXProject "[Obj-C] First iPhone Application" */ = {
			isa = XCConfigurationList;
			buildConfigurations = (
				5EC3E10916C24F5E00F122B8 /* Debug */,
				5EC3E10A16C24F5E00F122B8 /* Release */,
			);
			defaultConfigurationIsVisible = 0;
			defaultConfigurationName = Release;
		};
		5EC3E10B16C24F5E00F122B8 /* Build configuration list for PBXNativeTarget "[Obj-C] First iPhone Application" */ = {
			isa = XCConfigurationList;
			buildConfigurations = (
				5EC3E10C16C24F5E00F122B8 /* Debug */,
				5EC3E10D16C24F5E00F122B8 /* Release */,
			);
			defaultConfigurationIsVisible = 0;
		};
/* End XCConfigurationList section */
	};
	rootObject = 5EC3E0E016C24F5D00F122B8 /* Project object */;
}
